Microsoft Visual Studio Solution File, Format Version 12.00
# Visual Studio Version 17
VisualStudioVersion = 17.5.2.0
MinimumVisualStudioVersion = 10.0.40219.1
Project("{FAE04EC0-301F-11D3-BF4B-00C04F79EFBC}") = "GftExercicio", "exercicio1\GftExercicio.csproj", "{A3E1BE6D-00DC-3E70-CFCB-355B2FFC75AB}"
EndProject
Project("{FAE04EC0-301F-11D3-BF4B-00C04F79EFBC}") = "Exercicio", "exercicio2\Exercicio.csproj", "{38BD6CA0-6BFC-0E62-5F44-9BEE853ACEA3}"
EndProject
Global
	GlobalSection(SolutionConfigurationPlatforms) = preSolution
		Debug|Any CPU = Debug|Any CPU
		Release|Any CPU = Release|Any CPU
	EndGlobalSection
	GlobalSection(ProjectConfigurationPlatforms) = postSolution
		{A3E1BE6D-00DC-3E70-CFCB-355B2FFC75AB}.Debug|Any CPU.ActiveCfg = Debug|Any CPU
		{A3E1BE6D-00DC-3E70-CFCB-355B2FFC75AB}.Debug|Any CPU.Build.0 = Debug|Any CPU
		{A3E1BE6D-00DC-3E70-CFCB-355B2FFC75AB}.Release|Any CPU.ActiveCfg = Release|Any CPU
		{A3E1BE6D-00DC-3E70-CFCB-355B2FFC75AB}.Release|Any CPU.Build.0 = Release|Any CPU
		{38BD6CA0-6BFC-0E62-5F44-9BEE853ACEA3}.Debug|Any CPU.ActiveCfg = Debug|Any CPU
		{38BD6CA0-6BFC-0E62-5F44-9BEE853ACEA3}.Debug|Any CPU.Build.0 = Debug|Any CPU
		{38BD6CA0-6BFC-0E62-5F44-9BEE853ACEA3}.Release|Any CPU.ActiveCfg = Release|Any CPU
		{38BD6CA0-6BFC-0E62-5F44-9BEE853ACEA3}.Release|Any CPU.Build.0 = Release|Any CPU
	EndGlobalSection
	GlobalSection(SolutionProperties) = preSolution
		HideSolutionNode = FALSE
	EndGlobalSection
	GlobalSection(ExtensibilityGlobals) = postSolution
		SolutionGuid = {0A9BA4C4-FCD0-4AC5-A4C4-B91F62863564}
	EndGlobalSection
EndGlobal
